
Microsoft Visual Studio Solution File, Format Version 12.00
# Visual Studio Version 17
VisualStudioVersion = 17.4.33122.133
MinimumVisualStudioVersion = 10.0.40219.1
Project("{FAE04EC0-301F-11D3-BF4B-00C04F79EFBC}") = "SpeechToTextApp", "SpeechToTextApp.csproj", "{A0077E39-F94C-417A-A8D1-12B4A564792A}"
EndProject
Global
	GlobalSection(SolutionConfigurationPlatforms) = preSolution
		Debug|Any CPU = Debug|Any CPU
		Release|Any CPU = Release|Any CPU
	EndGlobalSection
	GlobalSection(ProjectConfigurationPlatforms) = postSolution
		{A0077E39-F94C-417A-A8D1-12B4A564792A}.Debug|Any CPU.ActiveCfg = Debug|Any CPU
		{A0077E39-F94C-417A-A8D1-12B4A564792A}.Debug|Any CPU.Build.0 = Debug|Any CPU
		{A0077E39-F94C-417A-A8D1-12B4A564792A}.Release|Any CPU.ActiveCfg = Release|Any CPU
		{A0077E39-F94C-417A-A8D1-12B4A564792A}.Release|Any CPU.Build.0 = Release|Any CPU
	EndGlobalSection
	GlobalSection(SolutionProperties) = preSolution
		HideSolutionNode = FALSE
	EndGlobalSection
	GlobalSection(ExtensibilityGlobals) = postSolution
		SolutionGuid = {6D06744B-7235-4988-BBBE-85E39E8D51E5}
	EndGlobalSection
EndGlobal
